
Microsoft Visual Studio Solution File, Format Version 12.00
# Visual Studio 15
VisualStudioVersion = 15.0.28307.168
MinimumVisualStudioVersion = 10.0.40219.1
Project("{8BC9CEB8-8B4A-11D0-8D11-00A0C91BC942}") = "encryption", "encryption.vcxproj", "{BBAB2139-0260-4BBB-A9FA-02622B0E4416}"
EndProject
Global
	GlobalSection(SolutionConfigurationPlatforms) = preSolution
		Debug|x64 = Debug|x64
		Debug|x86 = Debug|x86
		Release|x64 = Release|x64
		Release|x86 = Release|x86
	EndGlobalSection
	GlobalSection(ProjectConfigurationPlatforms) = postSolution
		{BBAB2139-0260-4BBB-A9FA-02622B0E4416}.Debug|x64.ActiveCfg = Debug|x64
		{BBAB2139-0260-4BBB-A9FA-02622B0E4416}.Debug|x64.Build.0 = Debug|x64
		{BBAB2139-0260-4BBB-A9FA-02622B0E4416}.Debug|x86.ActiveCfg = Debug|Win32
		{BBAB2139-0260-4BBB-A9FA-02622B0E4416}.Debug|x86.Build.0 = Debug|Win32
		{BBAB2139-0260-4BBB-A9FA-02622B0E4416}.Release|x64.ActiveCfg = Release|x64
		{BBAB2139-0260-4BBB-A9FA-02622B0E4416}.Release|x64.Build.0 = Release|x64
		{BBAB2139-0260-4BBB-A9FA-02622B0E4416}.Release|x86.ActiveCfg = Release|Win32
		{BBAB2139-0260-4BBB-A9FA-02622B0E4416}.Release|x86.Build.0 = Release|Win32
	EndGlobalSection
	GlobalSection(SolutionProperties) = preSolution
		HideSolutionNode = FALSE
	EndGlobalSection
	GlobalSection(ExtensibilityGlobals) = postSolution
		SolutionGuid = {DDC2B761-2779-4C9E-AFFC-1ED0D6A981B0}
	EndGlobalSection
EndGlobal
